{
  "name": "teseract-utilesjs",
  "version": "1.0.0",
  "lockfileVersion": 2,
  "requires": true,
  "packages": {
    "": {
      "name": "teseract-utilesjs",
      "version": "1.0.0",
      "license": "MIT",
      "dependencies": {
        "teseract-utilesjs": "file:"
      }
    },
    "node_modules/teseract-utilesjs": {
      "resolved": "",
      "link": true
    }
  },
  "dependencies": {
    "teseract-utilesjs": {
      "version": "file:",
      "requires": {
        "teseract-utilesjs": "file:"
      }
    }
  }
}
